<?xml version="1.0" encoding="UTF-8" standalone="yes" ?>
<CodeBlocks_project_file>
	<FileVersion major="1" minor="6" />
	<Project>
		<Option title="WProject" />
		<Option pch_mode="2" />
		<Option compiler="gcc" />
		<Option virtualFolders="Events\;Rendering\;Mechanics\;" />
		<Build>
			<Target title="Debug">
				<Option output="bin/Debug/WProject" prefix_auto="1" extension_auto="1" />
				<Option object_output="obj/Debug/" />
				<Option type="1" />
				<Option compiler="gcc" />
				<Option projectCompilerOptionsRelation="2" />
				<Option projectIncludeDirsRelation="-1" />
				<Option projectLibDirsRelation="-1" />
				<Compiler>
					<Add option="-pedantic-errors" />
					<Add option="-std=c++14" />
					<Add option="-Dlite_debug" />
					<Add option="-DshowFPS" />
					<Add directory="include" />
				</Compiler>
				<Linker>
					<Add library="mingw32" />
					<Add library="SDL2main" />
					<Add library="SDL2" />
					<Add library="opengl32" />
					<Add library="glu32" />
				</Linker>
				<MakeCommands>
					<Build command="" />
					<CompileFile command="" />
					<Clean command="" />
					<DistClean command="" />
					<AskRebuildNeeded command="" />
					<SilentBuild command=" &gt; $(CMD_NULL)" />
				</MakeCommands>
			</Target>
			<Target title="Release">
				<Option output="bin/Release/WProject" prefix_auto="1" extension_auto="1" />
				<Option object_output="obj/Release/" />
				<Option type="1" />
				<Option compiler="gcc" />
				<Compiler>
					<Add option="-O2" />
					<Add directory="include" />
				</Compiler>
				<Linker>
					<Add option="-s" />
				</Linker>
			</Target>
		</Build>
		<Compiler>
			<Add option="-Wall" />
			<Add option="-fexceptions" />
		</Compiler>
		<Unit filename="CApp.cpp" />
		<Unit filename="CApp.h" />
		<Unit filename="CApp_Initialization.cpp" />
		<Unit filename="CEvent.cpp">
			<Option virtualFolder="Events/" />
		</Unit>
		<Unit filename="CEvent.h">
			<Option virtualFolder="Events/" />
		</Unit>
		<Unit filename="CFPS.h" />
		<Unit filename="CRender.cpp">
			<Option virtualFolder="Rendering/" />
		</Unit>
		<Unit filename="CRender.h">
			<Option virtualFolder="Rendering/" />
		</Unit>
		<Unit filename="Entity.h">
			<Option virtualFolder="Mechanics/" />
		</Unit>
		<Unit filename="FPS.cpp">
			<Option virtualFolder="Mechanics/" />
		</Unit>
		<Unit filename="FPS.h">
			<Option virtualFolder="Mechanics/" />
		</Unit>
		<Unit filename="JoystickListener.cpp">
			<Option virtualFolder="Events/" />
		</Unit>
		<Unit filename="JoystickListener.h">
			<Option virtualFolder="Events/" />
		</Unit>
		<Unit filename="KeyboardListener.cpp">
			<Option virtualFolder="Events/" />
		</Unit>
		<Unit filename="KeyboardListener.h">
			<Option virtualFolder="Events/" />
		</Unit>
		<Unit filename="MouseListener.cpp">
			<Option virtualFolder="Events/" />
		</Unit>
		<Unit filename="MouseListener.h">
			<Option virtualFolder="Events/" />
		</Unit>
		<Unit filename="Priority.h" />
		<Unit filename="Renderable.cpp">
			<Option virtualFolder="Rendering/" />
		</Unit>
		<Unit filename="Renderable.h">
			<Option virtualFolder="Rendering/" />
		</Unit>
		<Unit filename="Settings.cpp" />
		<Unit filename="Settings.h" />
		<Unit filename="Texture.cpp">
			<Option virtualFolder="Rendering/" />
		</Unit>
		<Unit filename="Texture.h">
			<Option virtualFolder="Rendering/" />
		</Unit>
		<Unit filename="Timer.cpp" />
		<Unit filename="Timer.h" />
		<Unit filename="Transform.cpp">
			<Option virtualFolder="Mechanics/" />
		</Unit>
		<Unit filename="Transform.h">
			<Option virtualFolder="Mechanics/" />
		</Unit>
		<Unit filename="UserDefinedListener.cpp">
			<Option virtualFolder="Events/" />
		</Unit>
		<Unit filename="UserDefinedListener.h">
			<Option virtualFolder="Events/" />
		</Unit>
		<Unit filename="WindowListener.cpp">
			<Option virtualFolder="Events/" />
		</Unit>
		<Unit filename="WindowListener.h">
			<Option virtualFolder="Events/" />
		</Unit>
		<Unit filename="locale/localeEN.h" />
		<Extensions>
			<code_completion />
			<envvars />
			<debugger />
			<lib_finder disable_auto="1" />
		</Extensions>
	</Project>
</CodeBlocks_project_file>
